
Microsoft Visual Studio Solution File, Format Version 12.00
# Visual Studio Version 17
VisualStudioVersion = 17.10.35122.118
MinimumVisualStudioVersion = 10.0.40219.1
Project("{9A19103F-16F7-4668-BE54-9A1E7A4F7556}") = "CompanyEmployees", "CompanyEmployees\CompanyEmployees.csproj", "{2C790908-FA2D-4F4F-B442-AB0BC2A63161}"
EndProject
Project("{9A19103F-16F7-4668-BE54-9A1E7A4F7556}") = "Contracts", "Contracts\Contracts.csproj", "{6AEC9435-410A-4688-80AE-D4EAB034FFA0}"
EndProject
Project("{9A19103F-16F7-4668-BE54-9A1E7A4F7556}") = "LoggerService", "LoggerService\LoggerService.csproj", "{8A4885E5-A4D4-4F6F-ADDB-865EE84F909D}"
EndProject
Project("{9A19103F-16F7-4668-BE54-9A1E7A4F7556}") = "Entities", "Entities\Entities.csproj", "{CCAA88D3-EF5E-4FB6-8649-DF6DF900A030}"
EndProject
Project("{9A19103F-16F7-4668-BE54-9A1E7A4F7556}") = "Repository", "Repository\Repository.csproj", "{58C9D82E-281E-46C2-80B5-F19393C4FA50}"
EndProject
Project("{FAE04EC0-301F-11D3-BF4B-00C04F79EFBC}") = "Service.Contracts", "Service.Contracts\Service.Contracts.csproj", "{22FD5494-5CA8-4C5C-9167-27A6E6F9E3D4}"
EndProject
Project("{FAE04EC0-301F-11D3-BF4B-00C04F79EFBC}") = "Service", "Service\Service.csproj", "{08667C15-A409-43EF-A509-184EBC560CD4}"
EndProject
Project("{FAE04EC0-301F-11D3-BF4B-00C04F79EFBC}") = "CompanyEmployees.Presentation", "CompanyEmployees.Presentation\CompanyEmployees.Presentation.csproj", "{3A807964-6EAD-4A0F-9D7F-1672FB357A72}"
EndProject
Project("{FAE04EC0-301F-11D3-BF4B-00C04F79EFBC}") = "Shared", "Shared\Shared.csproj", "{EC836E00-6E9D-4953-84A0-0C99D0D55FED}"
EndProject
Global
	GlobalSection(SolutionConfigurationPlatforms) = preSolution
		Debug|Any CPU = Debug|Any CPU
		Release|Any CPU = Release|Any CPU
	EndGlobalSection
	GlobalSection(ProjectConfigurationPlatforms) = postSolution
		{2C790908-FA2D-4F4F-B442-AB0BC2A63161}.Debug|Any CPU.ActiveCfg = Debug|Any CPU
		{2C790908-FA2D-4F4F-B442-AB0BC2A63161}.Debug|Any CPU.Build.0 = Debug|Any CPU
		{2C790908-FA2D-4F4F-B442-AB0BC2A63161}.Release|Any CPU.ActiveCfg = Release|Any CPU
		{2C790908-FA2D-4F4F-B442-AB0BC2A63161}.Release|Any CPU.Build.0 = Release|Any CPU
		{6AEC9435-410A-4688-80AE-D4EAB034FFA0}.Debug|Any CPU.ActiveCfg = Debug|Any CPU
		{6AEC9435-410A-4688-80AE-D4EAB034FFA0}.Debug|Any CPU.Build.0 = Debug|Any CPU
		{6AEC9435-410A-4688-80AE-D4EAB034FFA0}.Release|Any CPU.ActiveCfg = Release|Any CPU
		{6AEC9435-410A-4688-80AE-D4EAB034FFA0}.Release|Any CPU.Build.0 = Release|Any CPU
		{8A4885E5-A4D4-4F6F-ADDB-865EE84F909D}.Debug|Any CPU.ActiveCfg = Debug|Any CPU
		{8A4885E5-A4D4-4F6F-ADDB-865EE84F909D}.Debug|Any CPU.Build.0 = Debug|Any CPU
		{8A4885E5-A4D4-4F6F-ADDB-865EE84F909D}.Release|Any CPU.ActiveCfg = Release|Any CPU
		{8A4885E5-A4D4-4F6F-ADDB-865EE84F909D}.Release|Any CPU.Build.0 = Release|Any CPU
		{CCAA88D3-EF5E-4FB6-8649-DF6DF900A030}.Debug|Any CPU.ActiveCfg = Debug|Any CPU
		{CCAA88D3-EF5E-4FB6-8649-DF6DF900A030}.Debug|Any CPU.Build.0 = Debug|Any CPU
		{CCAA88D3-EF5E-4FB6-8649-DF6DF900A030}.Release|Any CPU.ActiveCfg = Release|Any CPU
		{CCAA88D3-EF5E-4FB6-8649-DF6DF900A030}.Release|Any CPU.Build.0 = Release|Any CPU
		{58C9D82E-281E-46C2-80B5-F19393C4FA50}.Debug|Any CPU.ActiveCfg = Debug|Any CPU
		{58C9D82E-281E-46C2-80B5-F19393C4FA50}.Debug|Any CPU.Build.0 = Debug|Any CPU
		{58C9D82E-281E-46C2-80B5-F19393C4FA50}.Release|Any CPU.ActiveCfg = Release|Any CPU
		{58C9D82E-281E-46C2-80B5-F19393C4FA50}.Release|Any CPU.Build.0 = Release|Any CPU
		{22FD5494-5CA8-4C5C-9167-27A6E6F9E3D4}.Debug|Any CPU.ActiveCfg = Debug|Any CPU
		{22FD5494-5CA8-4C5C-9167-27A6E6F9E3D4}.Debug|Any CPU.Build.0 = Debug|Any CPU
		{22FD5494-5CA8-4C5C-9167-27A6E6F9E3D4}.Release|Any CPU.ActiveCfg = Release|Any CPU
		{22FD5494-5CA8-4C5C-9167-27A6E6F9E3D4}.Release|Any CPU.Build.0 = Release|Any CPU
		{08667C15-A409-43EF-A509-184EBC560CD4}.Debug|Any CPU.ActiveCfg = Debug|Any CPU
		{08667C15-A409-43EF-A509-184EBC560CD4}.Debug|Any CPU.Build.0 = Debug|Any CPU
		{08667C15-A409-43EF-A509-184EBC560CD4}.Release|Any CPU.ActiveCfg = Release|Any CPU
		{08667C15-A409-43EF-A509-184EBC560CD4}.Release|Any CPU.Build.0 = Release|Any CPU
		{3A807964-6EAD-4A0F-9D7F-1672FB357A72}.Debug|Any CPU.ActiveCfg = Debug|Any CPU
		{3A807964-6EAD-4A0F-9D7F-1672FB357A72}.Debug|Any CPU.Build.0 = Debug|Any CPU
		{3A807964-6EAD-4A0F-9D7F-1672FB357A72}.Release|Any CPU.ActiveCfg = Release|Any CPU
		{3A807964-6EAD-4A0F-9D7F-1672FB357A72}.Release|Any CPU.Build.0 = Release|Any CPU
		{EC836E00-6E9D-4953-84A0-0C99D0D55FED}.Debug|Any CPU.ActiveCfg = Debug|Any CPU
		{EC836E00-6E9D-4953-84A0-0C99D0D55FED}.Debug|Any CPU.Build.0 = Debug|Any CPU
		{EC836E00-6E9D-4953-84A0-0C99D0D55FED}.Release|Any CPU.ActiveCfg = Release|Any CPU
		{EC836E00-6E9D-4953-84A0-0C99D0D55FED}.Release|Any CPU.Build.0 = Release|Any CPU
	EndGlobalSection
	GlobalSection(SolutionProperties) = preSolution
		HideSolutionNode = FALSE
	EndGlobalSection
	GlobalSection(ExtensibilityGlobals) = postSolution
		SolutionGuid = {E0D24FC3-2FBC-48CE-B4E7-643976A3693A}
	EndGlobalSection
EndGlobal
